// !$*UTF8*$!
{
	archiveVersion = 1;
	classes = {
	};
	objectVersion = 55;
	objects = {

/* Begin PBXBuildFile section */
		17C38046288EC2CB00D3EE9F /* ContainerViewController_Framework.h in Headers */ = {isa = PBXBuildFile; fileRef = 17C38045288EC2CB00D3EE9F /* ContainerViewController_Framework.h */; settings = {ATTRIBUTES = (Public, ); }; };
		17C38050288EC49200D3EE9F /* Shakuro.ContainerViewController.podspec in Resources */ = {isa = PBXBuildFile; fileRef = 17C3804F288EC49200D3EE9F /* Shakuro.ContainerViewController.podspec */; };
		17C38053288EC50000D3EE9F /* ContainerViewController.swift in Sources */ = {isa = PBXBuildFile; fileRef = 17C38052288EC50000D3EE9F /* ContainerViewController.swift */; };
		68D6C9CDD8167AD76393B262 /* Pods_ContainerViewController_Framework.framework in Frameworks */ = {isa = PBXBuildFile; fileRef = CA24F266759B1A9F578657C4 /* Pods_ContainerViewController_Framework.framework */; };
/* End PBXBuildFile section */

/* Begin PBXFileReference section */
		17C38042288EC2CB00D3EE9F /* ContainerViewController_Framework.framework */ = {isa = PBXFileReference; explicitFileType = wrapper.framework; includeInIndex = 0; path = ContainerViewController_Framework.framework; sourceTree = BUILT_PRODUCTS_DIR; };
		17C38045288EC2CB00D3EE9F /* ContainerViewController_Framework.h */ = {isa = PBXFileReference; lastKnownFileType = sourcecode.c.h; path = ContainerViewController_Framework.h; sourceTree = "<group>"; };
		17C3804C288EC35E00D3EE9F /* Info.plist */ = {isa = PBXFileReference; lastKnownFileType = text.plist.xml; path = Info.plist; sourceTree = "<group>"; };
		17C3804D288EC3C500D3EE9F /* README.md */ = {isa = PBXFileReference; lastKnownFileType = net.daringfireball.markdown; path = README.md; sourceTree = "<group>"; };
		17C3804E288EC3C500D3EE9F /* LICENSE.md */ = {isa = PBXFileReference; lastKnownFileType = net.daringfireball.markdown; path = LICENSE.md; sourceTree = "<group>"; };
		17C3804F288EC49200D3EE9F /* Shakuro.ContainerViewController.podspec */ = {isa = PBXFileReference; explicitFileType = text.script.ruby; fileEncoding = 4; path = Shakuro.ContainerViewController.podspec; sourceTree = "<group>"; };
		17C38052288EC50000D3EE9F /* ContainerViewController.swift */ = {isa = PBXFileReference; fileEncoding = 4; lastKnownFileType = sourcecode.swift; path = ContainerViewController.swift; sourceTree = "<group>"; };
		585F1A63154CA2A1CF4FEB5D /* Pods-ContainerViewController_Framework.debug.xcconfig */ = {isa = PBXFileReference; includeInIndex = 1; lastKnownFileType = text.xcconfig; name = "Pods-ContainerViewController_Framework.debug.xcconfig"; path = "Target Support Files/Pods-ContainerViewController_Framework/Pods-ContainerViewController_Framework.debug.xcconfig"; sourceTree = "<group>"; };
		CA24F266759B1A9F578657C4 /* Pods_ContainerViewController_Framework.framework */ = {isa = PBXFileReference; explicitFileType = wrapper.framework; includeInIndex = 0; path = Pods_ContainerViewController_Framework.framework; sourceTree = BUILT_PRODUCTS_DIR; };
		DF068EF302476A93FC6F0059 /* Pods-ContainerViewController_Framework.release.xcconfig */ = {isa = PBXFileReference; includeInIndex = 1; lastKnownFileType = text.xcconfig; name = "Pods-ContainerViewController_Framework.release.xcconfig"; path = "Target Support Files/Pods-ContainerViewController_Framework/Pods-ContainerViewController_Framework.release.xcconfig"; sourceTree = "<group>"; };
/* End PBXFileReference section */

/* Begin PBXFrameworksBuildPhase section */
		17C3803F288EC2CB00D3EE9F /* Frameworks */ = {
			isa = PBXFrameworksBuildPhase;
			buildActionMask = 2147483647;
			files = (
				68D6C9CDD8167AD76393B262 /* Pods_ContainerViewController_Framework.framework in Frameworks */,
			);
			runOnlyForDeploymentPostprocessing = 0;
		};
/* End PBXFrameworksBuildPhase section */

/* Begin PBXGroup section */
		17C38038288EC2CB00D3EE9F = {
			isa = PBXGroup;
			children = (
				17C3804E288EC3C500D3EE9F /* LICENSE.md */,
				17C3804D288EC3C500D3EE9F /* README.md */,
				17C3804F288EC49200D3EE9F /* Shakuro.ContainerViewController.podspec */,
				17C38044288EC2CB00D3EE9F /* ContainerViewController_Framework */,
				17C38051288EC50000D3EE9F /* Source */,
				17C38043288EC2CB00D3EE9F /* Products */,
				3915B8A06222C8611B933DDA /* Pods */,
				B9C1A582A6FC9719DD0269D7 /* Frameworks */,
			);
			sourceTree = "<group>";
		};
		17C38043288EC2CB00D3EE9F /* Products */ = {
			isa = PBXGroup;
			children = (
				17C38042288EC2CB00D3EE9F /* ContainerViewController_Framework.framework */,
			);
			name = Products;
			sourceTree = "<group>";
		};
		17C38044288EC2CB00D3EE9F /* ContainerViewController_Framework */ = {
			isa = PBXGroup;
			children = (
				17C38045288EC2CB00D3EE9F /* ContainerViewController_Framework.h */,
				17C3804C288EC35E00D3EE9F /* Info.plist */,
			);
			path = ContainerViewController_Framework;
			sourceTree = "<group>";
		};
		17C38051288EC50000D3EE9F /* Source */ = {
			isa = PBXGroup;
			children = (
				17C38052288EC50000D3EE9F /* ContainerViewController.swift */,
			);
			path = Source;
			sourceTree = "<group>";
		};
		3915B8A06222C8611B933DDA /* Pods */ = {
			isa = PBXGroup;
			children = (
				585F1A63154CA2A1CF4FEB5D /* Pods-ContainerViewController_Framework.debug.xcconfig */,
				DF068EF302476A93FC6F0059 /* Pods-ContainerViewController_Framework.release.xcconfig */,
			);
			path = Pods;
			sourceTree = "<group>";
		};
		B9C1A582A6FC9719DD0269D7 /* Frameworks */ = {
			isa = PBXGroup;
			children = (
				CA24F266759B1A9F578657C4 /* Pods_ContainerViewController_Framework.framework */,
			);
			name = Frameworks;
			sourceTree = "<group>";
		};
/* End PBXGroup section */

/* Begin PBXHeadersBuildPhase section */
		17C3803D288EC2CB00D3EE9F /* Headers */ = {
			isa = PBXHeadersBuildPhase;
			buildActionMask = 2147483647;
			files = (
				17C38046288EC2CB00D3EE9F /* ContainerViewController_Framework.h in Headers */,
			);
			runOnlyForDeploymentPostprocessing = 0;
		};
/* End PBXHeadersBuildPhase section */

/* Begin PBXNativeTarget section */
		17C38041288EC2CB00D3EE9F /* ContainerViewController_Framework */ = {
			isa = PBXNativeTarget;
			buildConfigurationList = 17C38049288EC2CB00D3EE9F /* Build configuration list for PBXNativeTarget "ContainerViewController_Framework" */;
			buildPhases = (
				F84ACF1095F4E8F2AE9794E1 /* [CP] Check Pods Manifest.lock */,
				17C3803D288EC2CB00D3EE9F /* Headers */,
				17C3803E288EC2CB00D3EE9F /* Sources */,
				17C3803F288EC2CB00D3EE9F /* Frameworks */,
				17C38040288EC2CB00D3EE9F /* Resources */,
			);
			buildRules = (
			);
			dependencies = (
			);
			name = ContainerViewController_Framework;
			productName = ContainerViewController_Framework;
			productReference = 17C38042288EC2CB00D3EE9F /* ContainerViewController_Framework.framework */;
			productType = "com.apple.product-type.framework";
		};
/* End PBXNativeTarget section */

/* Begin PBXProject section */
		17C38039288EC2CB00D3EE9F /* Project object */ = {
			isa = PBXProject;
			attributes = {
				BuildIndependentTargetsInParallel = 1;
				LastUpgradeCheck = 1330;
				TargetAttributes = {
					17C38041288EC2CB00D3EE9F = {
						CreatedOnToolsVersion = 13.3.1;
					};
				};
			};
			buildConfigurationList = 17C3803C288EC2CB00D3EE9F /* Build configuration list for PBXProject "ContainerViewController_Framework" */;
			compatibilityVersion = "Xcode 13.0";
			developmentRegion = en;
			hasScannedForEncodings = 0;
			knownRegions = (
				en,
				Base,
			);
			mainGroup = 17C38038288EC2CB00D3EE9F;
			productRefGroup = 17C38043288EC2CB00D3EE9F /* Products */;
			projectDirPath = "";
			projectRoot = "";
			targets = (
				17C38041288EC2CB00D3EE9F /* ContainerViewController_Framework */,
			);
		};
/* End PBXProject section */

/* Begin PBXResourcesBuildPhase section */
		17C38040288EC2CB00D3EE9F /* Resources */ = {
			isa = PBXResourcesBuildPhase;
			buildActionMask = 2147483647;
			files = (
				17C38050288EC49200D3EE9F /* Shakuro.ContainerViewController.podspec in Resources */,
			);
			runOnlyForDeploymentPostprocessing = 0;
		};
/* End PBXResourcesBuildPhase section */

/* Begin PBXShellScriptBuildPhase section */
		F84ACF1095F4E8F2AE9794E1 /* [CP] Check Pods Manifest.lock */ = {
			isa = PBXShellScriptBuildPhase;
			buildActionMask = 2147483647;
			files = (
			);
			inputFileListPaths = (
			);
			inputPaths = (
				"${PODS_PODFILE_DIR_PATH}/Podfile.lock",
				"${PODS_ROOT}/Manifest.lock",
			);
			name = "[CP] Check Pods Manifest.lock";
			outputFileListPaths = (
			);
			outputPaths = (
				"$(DERIVED_FILE_DIR)/Pods-ContainerViewController_Framework-checkManifestLockResult.txt",
			);
			runOnlyForDeploymentPostprocessing = 0;
			shellPath = /bin/sh;
			shellScript = "diff \"${PODS_PODFILE_DIR_PATH}/Podfile.lock\" \"${PODS_ROOT}/Manifest.lock\" > /dev/null\nif [ $? != 0 ] ; then\n    # print error to STDERR\n    echo \"error: The sandbox is not in sync with the Podfile.lock. Run 'pod install' or update your CocoaPods installation.\" >&2\n    exit 1\nfi\n# This output is used by Xcode 'outputs' to avoid re-running this script phase.\necho \"SUCCESS\" > \"${SCRIPT_OUTPUT_FILE_0}\"\n";
			showEnvVarsInLog = 0;
		};
/* End PBXShellScriptBuildPhase section */

/* Begin PBXSourcesBuildPhase section */
		17C3803E288EC2CB00D3EE9F /* Sources */ = {
			isa = PBXSourcesBuildPhase;
			buildActionMask = 2147483647;
			files = (
				17C38053288EC50000D3EE9F /* ContainerViewController.swift in Sources */,
			);
			runOnlyForDeploymentPostprocessing = 0;
		};
/* End PBXSourcesBuildPhase section */

/* Begin XCBuildConfiguration section */
		17C38047288EC2CB00D3EE9F /* Debug */ = {
			isa = XCBuildConfiguration;
			buildSettings = {
				ALWAYS_SEARCH_USER_PATHS = NO;
				CLANG_ANALYZER_NONNULL = YES;
				CLANG_ANALYZER_NUMBER_OBJECT_CONVERSION = YES_AGGRESSIVE;
				CLANG_CXX_LANGUAGE_STANDARD = "gnu++17";
				CLANG_ENABLE_MODULES = YES;
				CLANG_ENABLE_OBJC_ARC = YES;
				CLANG_ENABLE_OBJC_WEAK = YES;
				CLANG_WARN_BLOCK_CAPTURE_AUTORELEASING = YES;
				CLANG_WARN_BOOL_CONVERSION = YES;
				CLANG_WARN_COMMA = YES;
				CLANG_WARN_CONSTANT_CONVERSION = YES;
				CLANG_WARN_DEPRECATED_OBJC_IMPLEMENTATIONS = YES;
				CLANG_WARN_DIRECT_OBJC_ISA_USAGE = YES_ERROR;
				CLANG_WARN_DOCUMENTATION_COMMENTS = YES;
				CLANG_WARN_EMPTY_BODY = YES;
				CLANG_WARN_ENUM_CONVERSION = YES;
				CLANG_WARN_INFINITE_RECURSION = YES;
				CLANG_WARN_INT_CONVERSION = YES;
				CLANG_WARN_NON_LITERAL_NULL_CONVERSION = YES;
				CLANG_WARN_OBJC_IMPLICIT_RETAIN_SELF = YES;
				CLANG_WARN_OBJC_LITERAL_CONVERSION = YES;
				CLANG_WARN_OBJC_ROOT_CLASS = YES_ERROR;
				CLANG_WARN_QUOTED_INCLUDE_IN_FRAMEWORK_HEADER = YES;
				CLANG_WARN_RANGE_LOOP_ANALYSIS = YES;
				CLANG_WARN_STRICT_PROTOTYPES = YES;
				CLANG_WARN_SUSPICIOUS_MOVE = YES;
				CLANG_WARN_UNGUARDED_AVAILABILITY = YES_AGGRESSIVE;
				CLANG_WARN_UNREACHABLE_CODE = YES;
				CLANG_WARN__DUPLICATE_METHOD_MATCH = YES;
				COPY_PHASE_STRIP = NO;
				CURRENT_PROJECT_VERSION = 1;
				DEBUG_INFORMATION_FORMAT = dwarf;
				ENABLE_STRICT_OBJC_MSGSEND = YES;
				ENABLE_TESTABILITY = YES;
				GCC_C_LANGUAGE_STANDARD = gnu11;
				GCC_DYNAMIC_NO_PIC = NO;
				GCC_NO_COMMON_BLOCKS = YES;
				GCC_OPTIMIZATION_LEVEL = 0;
				GCC_PREPROCESSOR_DEFINITIONS = (
					"DEBUG=1",
					"$(inherited)",
				);
				GCC_WARN_64_TO_32_BIT_CONVERSION = YES;
				GCC_WARN_ABOUT_RETURN_TYPE = YES_ERROR;
				GCC_WARN_UNDECLARED_SELECTOR = YES;
				GCC_WARN_UNINITIALIZED_AUTOS = YES_AGGRESSIVE;
				GCC_WARN_UNUSED_FUNCTION = YES;
				GCC_WARN_UNUSED_VARIABLE = YES;
				IPHONEOS_DEPLOYMENT_TARGET = 11.0;
				MTL_ENABLE_DEBUG_INFO = INCLUDE_SOURCE;
				MTL_FAST_MATH = YES;
				ONLY_ACTIVE_ARCH = YES;
				SDKROOT = iphoneos;
				SWIFT_ACTIVE_COMPILATION_CONDITIONS = DEBUG;
				SWIFT_OPTIMIZATION_LEVEL = "-Onone";
				VERSIONING_SYSTEM = "apple-generic";
				VERSION_INFO_PREFIX = "";
			};
			name = Debug;
		};
		17C38048288EC2CB00D3EE9F /* Release */ = {
			isa = XCBuildConfiguration;
			buildSettings = {
				ALWAYS_SEARCH_USER_PATHS = NO;
				CLANG_ANALYZER_NONNULL = YES;
				CLANG_ANALYZER_NUMBER_OBJECT_CONVERSION = YES_AGGRESSIVE;
				CLANG_CXX_LANGUAGE_STANDARD = "gnu++17";
				CLANG_ENABLE_MODULES = YES;
				CLANG_ENABLE_OBJC_ARC = YES;
				CLANG_ENABLE_OBJC_WEAK = YES;
				CLANG_WARN_BLOCK_CAPTURE_AUTORELEASING = YES;
				CLANG_WARN_BOOL_CONVERSION = YES;
				CLANG_WARN_COMMA = YES;
				CLANG_WARN_CONSTANT_CONVERSION = YES;
				CLANG_WARN_DEPRECATED_OBJC_IMPLEMENTATIONS = YES;
				CLANG_WARN_DIRECT_OBJC_ISA_USAGE = YES_ERROR;
				CLANG_WARN_DOCUMENTATION_COMMENTS = YES;
				CLANG_WARN_EMPTY_BODY = YES;
				CLANG_WARN_ENUM_CONVERSION = YES;
				CLANG_WARN_INFINITE_RECURSION = YES;
				CLANG_WARN_INT_CONVERSION = YES;
				CLANG_WARN_NON_LITERAL_NULL_CONVERSION = YES;
				CLANG_WARN_OBJC_IMPLICIT_RETAIN_SELF = YES;
				CLANG_WARN_OBJC_LITERAL_CONVERSION = YES;
				CLANG_WARN_OBJC_ROOT_CLASS = YES_ERROR;
				CLANG_WARN_QUOTED_INCLUDE_IN_FRAMEWORK_HEADER = YES;
				CLANG_WARN_RANGE_LOOP_ANALYSIS = YES;
				CLANG_WARN_STRICT_PROTOTYPES = YES;
				CLANG_WARN_SUSPICIOUS_MOVE = YES;
				CLANG_WARN_UNGUARDED_AVAILABILITY = YES_AGGRESSIVE;
				CLANG_WARN_UNREACHABLE_CODE = YES;
				CLANG_WARN__DUPLICATE_METHOD_MATCH = YES;
				COPY_PHASE_STRIP = NO;
				CURRENT_PROJECT_VERSION = 1;
				DEBUG_INFORMATION_FORMAT = "dwarf-with-dsym";
				ENABLE_NS_ASSERTIONS = NO;
				ENABLE_STRICT_OBJC_MSGSEND = YES;
				GCC_C_LANGUAGE_STANDARD = gnu11;
				GCC_NO_COMMON_BLOCKS = YES;
				GCC_WARN_64_TO_32_BIT_CONVERSION = YES;
				GCC_WARN_ABOUT_RETURN_TYPE = YES_ERROR;
				GCC_WARN_UNDECLARED_SELECTOR = YES;
				GCC_WARN_UNINITIALIZED_AUTOS = YES_AGGRESSIVE;
				GCC_WARN_UNUSED_FUNCTION = YES;
				GCC_WARN_UNUSED_VARIABLE = YES;
				IPHONEOS_DEPLOYMENT_TARGET = 11.0;
				MTL_ENABLE_DEBUG_INFO = NO;
				MTL_FAST_MATH = YES;
				SDKROOT = iphoneos;
				SWIFT_COMPILATION_MODE = wholemodule;
				SWIFT_OPTIMIZATION_LEVEL = "-O";
				VALIDATE_PRODUCT = YES;
				VERSIONING_SYSTEM = "apple-generic";
				VERSION_INFO_PREFIX = "";
			};
			name = Release;
		};
		17C3804A288EC2CB00D3EE9F /* Debug */ = {
			isa = XCBuildConfiguration;
			baseConfigurationReference = 585F1A63154CA2A1CF4FEB5D /* Pods-ContainerViewController_Framework.debug.xcconfig */;
			buildSettings = {
				CODE_SIGN_STYLE = Automatic;
				CURRENT_PROJECT_VERSION = 1;
				DEFINES_MODULE = YES;
				DEVELOPMENT_TEAM = MW2UF479VW;
				DYLIB_COMPATIBILITY_VERSION = 1;
				DYLIB_CURRENT_VERSION = 1;
				DYLIB_INSTALL_NAME_BASE = "@rpath";
				GENERATE_INFOPLIST_FILE = NO;
				INFOPLIST_FILE = ContainerViewController_Framework/Info.plist;
				INFOPLIST_KEY_NSHumanReadableCopyright = "";
				INSTALL_PATH = "$(LOCAL_LIBRARY_DIR)/Frameworks";
				LD_RUNPATH_SEARCH_PATHS = (
					"$(inherited)",
					"@executable_path/Frameworks",
					"@loader_path/Frameworks",
				);
				MARKETING_VERSION = 1.0;
				PRODUCT_BUNDLE_IDENTIFIER = "com.shakuro.ContainerViewController-Framework";
				PRODUCT_NAME = "$(TARGET_NAME:c99extidentifier)";
				SKIP_INSTALL = YES;
				SWIFT_EMIT_LOC_STRINGS = YES;
				SWIFT_VERSION = 5.0;
				TARGETED_DEVICE_FAMILY = "1,2";
			};
			name = Debug;
		};
		17C3804B288EC2CB00D3EE9F /* Release */ = {
			isa = XCBuildConfiguration;
			baseConfigurationReference = DF068EF302476A93FC6F0059 /* Pods-ContainerViewController_Framework.release.xcconfig */;
			buildSettings = {
				CODE_SIGN_STYLE = Automatic;
				CURRENT_PROJECT_VERSION = 1;
				DEFINES_MODULE = YES;
				DEVELOPMENT_TEAM = MW2UF479VW;
				DYLIB_COMPATIBILITY_VERSION = 1;
				DYLIB_CURRENT_VERSION = 1;
				DYLIB_INSTALL_NAME_BASE = "@rpath";
				GENERATE_INFOPLIST_FILE = NO;
				INFOPLIST_FILE = ContainerViewController_Framework/Info.plist;
				INFOPLIST_KEY_NSHumanReadableCopyright = "";
				INSTALL_PATH = "$(LOCAL_LIBRARY_DIR)/Frameworks";
				LD_RUNPATH_SEARCH_PATHS = (
					"$(inherited)",
					"@executable_path/Frameworks",
					"@loader_path/Frameworks",
				);
				MARKETING_VERSION = 1.0;
				PRODUCT_BUNDLE_IDENTIFIER = "com.shakuro.ContainerViewController-Framework";
				PRODUCT_NAME = "$(TARGET_NAME:c99extidentifier)";
				SKIP_INSTALL = YES;
				SWIFT_EMIT_LOC_STRINGS = YES;
				SWIFT_VERSION = 5.0;
				TARGETED_DEVICE_FAMILY = "1,2";
			};
			name = Release;
		};
/* End XCBuildConfiguration section */

/* Begin XCConfigurationList section */
		17C3803C288EC2CB00D3EE9F /* Build configuration list for PBXProject "ContainerViewController_Framework" */ = {
			isa = XCConfigurationList;
			buildConfigurations = (
				17C38047288EC2CB00D3EE9F /* Debug */,
				17C38048288EC2CB00D3EE9F /* Release */,
			);
			defaultConfigurationIsVisible = 0;
			defaultConfigurationName = Release;
		};
		17C38049288EC2CB00D3EE9F /* Build configuration list for PBXNativeTarget "ContainerViewController_Framework" */ = {
			isa = XCConfigurationList;
			buildConfigurations = (
				17C3804A288EC2CB00D3EE9F /* Debug */,
				17C3804B288EC2CB00D3EE9F /* Release */,
			);
			defaultConfigurationIsVisible = 0;
			defaultConfigurationName = Release;
		};
/* End XCConfigurationList section */
	};
	rootObject = 17C38039288EC2CB00D3EE9F /* Project object */;
}
