// !$*UTF8*$!
{
	archiveVersion = 1;
	classes = {
	};
	objectVersion = 55;
	objects = {

/* Begin PBXBuildFile section */
		17C38061288EC55100D3EE9F /* AppDelegate.swift in Sources */ = {isa = PBXBuildFile; fileRef = 17C38060288EC55100D3EE9F /* AppDelegate.swift */; };
		17C38065288EC55100D3EE9F /* ExampleContainerViewController.swift in Sources */ = {isa = PBXBuildFile; fileRef = 17C38064288EC55100D3EE9F /* ExampleContainerViewController.swift */; };
		17C38068288EC55100D3EE9F /* Main.storyboard in Resources */ = {isa = PBXBuildFile; fileRef = 17C38066288EC55100D3EE9F /* Main.storyboard */; };
		17C3806A288EC55200D3EE9F /* Assets.xcassets in Resources */ = {isa = PBXBuildFile; fileRef = 17C38069288EC55200D3EE9F /* Assets.xcassets */; };
		17C3806D288EC55200D3EE9F /* LaunchScreen.storyboard in Resources */ = {isa = PBXBuildFile; fileRef = 17C3806B288EC55200D3EE9F /* LaunchScreen.storyboard */; };
		17C38075288EC7D100D3EE9F /* ContainerViewController_Framework.framework in Frameworks */ = {isa = PBXBuildFile; fileRef = 17C38074288EC7D100D3EE9F /* ContainerViewController_Framework.framework */; };
		17C38076288EC7D100D3EE9F /* ContainerViewController_Framework.framework in Embed Frameworks */ = {isa = PBXBuildFile; fileRef = 17C38074288EC7D100D3EE9F /* ContainerViewController_Framework.framework */; settings = {ATTRIBUTES = (CodeSignOnCopy, RemoveHeadersOnCopy, ); }; };
/* End PBXBuildFile section */

/* Begin PBXCopyFilesBuildPhase section */
		17C38077288EC7D100D3EE9F /* Embed Frameworks */ = {
			isa = PBXCopyFilesBuildPhase;
			buildActionMask = 2147483647;
			dstPath = "";
			dstSubfolderSpec = 10;
			files = (
				17C38076288EC7D100D3EE9F /* ContainerViewController_Framework.framework in Embed Frameworks */,
			);
			name = "Embed Frameworks";
			runOnlyForDeploymentPostprocessing = 0;
		};
/* End PBXCopyFilesBuildPhase section */

/* Begin PBXFileReference section */
		17C3805D288EC55100D3EE9F /* ContainerViewController_Example.app */ = {isa = PBXFileReference; explicitFileType = wrapper.application; includeInIndex = 0; path = ContainerViewController_Example.app; sourceTree = BUILT_PRODUCTS_DIR; };
		17C38060288EC55100D3EE9F /* AppDelegate.swift */ = {isa = PBXFileReference; lastKnownFileType = sourcecode.swift; path = AppDelegate.swift; sourceTree = "<group>"; };
		17C38064288EC55100D3EE9F /* ExampleContainerViewController.swift */ = {isa = PBXFileReference; lastKnownFileType = sourcecode.swift; path = ExampleContainerViewController.swift; sourceTree = "<group>"; };
		17C38067288EC55100D3EE9F /* Base */ = {isa = PBXFileReference; lastKnownFileType = file.storyboard; name = Base; path = Base.lproj/Main.storyboard; sourceTree = "<group>"; };
		17C38069288EC55200D3EE9F /* Assets.xcassets */ = {isa = PBXFileReference; lastKnownFileType = folder.assetcatalog; path = Assets.xcassets; sourceTree = "<group>"; };
		17C3806C288EC55200D3EE9F /* Base */ = {isa = PBXFileReference; lastKnownFileType = file.storyboard; name = Base; path = Base.lproj/LaunchScreen.storyboard; sourceTree = "<group>"; };
		17C3806E288EC55200D3EE9F /* Info.plist */ = {isa = PBXFileReference; lastKnownFileType = text.plist.xml; path = Info.plist; sourceTree = "<group>"; };
		17C38074288EC7D100D3EE9F /* ContainerViewController_Framework.framework */ = {isa = PBXFileReference; explicitFileType = wrapper.framework; path = ContainerViewController_Framework.framework; sourceTree = BUILT_PRODUCTS_DIR; };
/* End PBXFileReference section */

/* Begin PBXFrameworksBuildPhase section */
		17C3805A288EC55100D3EE9F /* Frameworks */ = {
			isa = PBXFrameworksBuildPhase;
			buildActionMask = 2147483647;
			files = (
				17C38075288EC7D100D3EE9F /* ContainerViewController_Framework.framework in Frameworks */,
			);
			runOnlyForDeploymentPostprocessing = 0;
		};
/* End PBXFrameworksBuildPhase section */

/* Begin PBXGroup section */
		17C38054288EC55100D3EE9F = {
			isa = PBXGroup;
			children = (
				17C3805F288EC55100D3EE9F /* ContainerViewController_Example */,
				17C3805E288EC55100D3EE9F /* Products */,
				DF7B50AFB5296989518780D0 /* Pods */,
				89BE62480D4D85482C78ED26 /* Frameworks */,
			);
			sourceTree = "<group>";
		};
		17C3805E288EC55100D3EE9F /* Products */ = {
			isa = PBXGroup;
			children = (
				17C3805D288EC55100D3EE9F /* ContainerViewController_Example.app */,
			);
			name = Products;
			sourceTree = "<group>";
		};
		17C3805F288EC55100D3EE9F /* ContainerViewController_Example */ = {
			isa = PBXGroup;
			children = (
				17C38060288EC55100D3EE9F /* AppDelegate.swift */,
				6B7B654E28D86D0F00C61C56 /* Resources */,
				6B7B655028D86D1E00C61C56 /* UI */,
			);
			path = ContainerViewController_Example;
			sourceTree = "<group>";
		};
		6B7B654E28D86D0F00C61C56 /* Resources */ = {
			isa = PBXGroup;
			children = (
				17C3806E288EC55200D3EE9F /* Info.plist */,
				17C38069288EC55200D3EE9F /* Assets.xcassets */,
				6B7B654F28D86D1800C61C56 /* UI */,
			);
			path = Resources;
			sourceTree = "<group>";
		};
		6B7B654F28D86D1800C61C56 /* UI */ = {
			isa = PBXGroup;
			children = (
				17C3806B288EC55200D3EE9F /* LaunchScreen.storyboard */,
				17C38066288EC55100D3EE9F /* Main.storyboard */,
			);
			path = UI;
			sourceTree = "<group>";
		};
		6B7B655028D86D1E00C61C56 /* UI */ = {
			isa = PBXGroup;
			children = (
				17C38064288EC55100D3EE9F /* ExampleContainerViewController.swift */,
			);
			path = UI;
			sourceTree = "<group>";
		};
		89BE62480D4D85482C78ED26 /* Frameworks */ = {
			isa = PBXGroup;
			children = (
				17C38074288EC7D100D3EE9F /* ContainerViewController_Framework.framework */,
			);
			name = Frameworks;
			sourceTree = "<group>";
		};
		DF7B50AFB5296989518780D0 /* Pods */ = {
			isa = PBXGroup;
			children = (
			);
			path = Pods;
			sourceTree = "<group>";
		};
/* End PBXGroup section */

/* Begin PBXNativeTarget section */
		17C3805C288EC55100D3EE9F /* ContainerViewController_Example */ = {
			isa = PBXNativeTarget;
			buildConfigurationList = 17C38071288EC55200D3EE9F /* Build configuration list for PBXNativeTarget "ContainerViewController_Example" */;
			buildPhases = (
				17C380BB288ED4A900D3EE9F /* Swiftlint script */,
				17C38059288EC55100D3EE9F /* Sources */,
				17C3805A288EC55100D3EE9F /* Frameworks */,
				17C3805B288EC55100D3EE9F /* Resources */,
				17C38077288EC7D100D3EE9F /* Embed Frameworks */,
			);
			buildRules = (
			);
			dependencies = (
			);
			name = ContainerViewController_Example;
			productName = ContainerViewController_Example;
			productReference = 17C3805D288EC55100D3EE9F /* ContainerViewController_Example.app */;
			productType = "com.apple.product-type.application";
		};
/* End PBXNativeTarget section */

/* Begin PBXProject section */
		17C38055288EC55100D3EE9F /* Project object */ = {
			isa = PBXProject;
			attributes = {
				BuildIndependentTargetsInParallel = 1;
				LastSwiftUpdateCheck = 1330;
				LastUpgradeCheck = 1330;
				TargetAttributes = {
					17C3805C288EC55100D3EE9F = {
						CreatedOnToolsVersion = 13.3.1;
					};
				};
			};
			buildConfigurationList = 17C38058288EC55100D3EE9F /* Build configuration list for PBXProject "ContainerViewController_Example" */;
			compatibilityVersion = "Xcode 13.0";
			developmentRegion = en;
			hasScannedForEncodings = 0;
			knownRegions = (
				en,
				Base,
			);
			mainGroup = 17C38054288EC55100D3EE9F;
			productRefGroup = 17C3805E288EC55100D3EE9F /* Products */;
			projectDirPath = "";
			projectRoot = "";
			targets = (
				17C3805C288EC55100D3EE9F /* ContainerViewController_Example */,
			);
		};
/* End PBXProject section */

/* Begin PBXResourcesBuildPhase section */
		17C3805B288EC55100D3EE9F /* Resources */ = {
			isa = PBXResourcesBuildPhase;
			buildActionMask = 2147483647;
			files = (
				17C3806D288EC55200D3EE9F /* LaunchScreen.storyboard in Resources */,
				17C3806A288EC55200D3EE9F /* Assets.xcassets in Resources */,
				17C38068288EC55100D3EE9F /* Main.storyboard in Resources */,
			);
			runOnlyForDeploymentPostprocessing = 0;
		};
/* End PBXResourcesBuildPhase section */

/* Begin PBXShellScriptBuildPhase section */
		17C380BB288ED4A900D3EE9F /* Swiftlint script */ = {
			isa = PBXShellScriptBuildPhase;
			buildActionMask = 2147483647;
			files = (
			);
			inputFileListPaths = (
			);
			inputPaths = (
			);
			name = "Swiftlint script";
			outputFileListPaths = (
			);
			outputPaths = (
			);
			runOnlyForDeploymentPostprocessing = 0;
			shellPath = /bin/sh;
			shellScript = "#debug log\nset -x\n\n${PODS_ROOT}/SwiftLint/swiftlint\n";
		};
/* End PBXShellScriptBuildPhase section */

/* Begin PBXSourcesBuildPhase section */
		17C38059288EC55100D3EE9F /* Sources */ = {
			isa = PBXSourcesBuildPhase;
			buildActionMask = 2147483647;
			files = (
				17C38065288EC55100D3EE9F /* ExampleContainerViewController.swift in Sources */,
				17C38061288EC55100D3EE9F /* AppDelegate.swift in Sources */,
			);
			runOnlyForDeploymentPostprocessing = 0;
		};
/* End PBXSourcesBuildPhase section */

/* Begin PBXVariantGroup section */
		17C38066288EC55100D3EE9F /* Main.storyboard */ = {
			isa = PBXVariantGroup;
			children = (
				17C38067288EC55100D3EE9F /* Base */,
			);
			name = Main.storyboard;
			sourceTree = "<group>";
		};
		17C3806B288EC55200D3EE9F /* LaunchScreen.storyboard */ = {
			isa = PBXVariantGroup;
			children = (
				17C3806C288EC55200D3EE9F /* Base */,
			);
			name = LaunchScreen.storyboard;
			sourceTree = "<group>";
		};
/* End PBXVariantGroup section */

/* Begin XCBuildConfiguration section */
		17C3806F288EC55200D3EE9F /* Debug */ = {
			isa = XCBuildConfiguration;
			buildSettings = {
				ALWAYS_SEARCH_USER_PATHS = NO;
				CLANG_ANALYZER_NONNULL = YES;
				CLANG_ANALYZER_NUMBER_OBJECT_CONVERSION = YES_AGGRESSIVE;
				CLANG_CXX_LANGUAGE_STANDARD = "gnu++17";
				CLANG_ENABLE_MODULES = YES;
				CLANG_ENABLE_OBJC_ARC = YES;
				CLANG_ENABLE_OBJC_WEAK = YES;
				CLANG_WARN_BLOCK_CAPTURE_AUTORELEASING = YES;
				CLANG_WARN_BOOL_CONVERSION = YES;
				CLANG_WARN_COMMA = YES;
				CLANG_WARN_CONSTANT_CONVERSION = YES;
				CLANG_WARN_DEPRECATED_OBJC_IMPLEMENTATIONS = YES;
				CLANG_WARN_DIRECT_OBJC_ISA_USAGE = YES_ERROR;
				CLANG_WARN_DOCUMENTATION_COMMENTS = YES;
				CLANG_WARN_EMPTY_BODY = YES;
				CLANG_WARN_ENUM_CONVERSION = YES;
				CLANG_WARN_INFINITE_RECURSION = YES;
				CLANG_WARN_INT_CONVERSION = YES;
				CLANG_WARN_NON_LITERAL_NULL_CONVERSION = YES;
				CLANG_WARN_OBJC_IMPLICIT_RETAIN_SELF = YES;
				CLANG_WARN_OBJC_LITERAL_CONVERSION = YES;
				CLANG_WARN_OBJC_ROOT_CLASS = YES_ERROR;
				CLANG_WARN_QUOTED_INCLUDE_IN_FRAMEWORK_HEADER = YES;
				CLANG_WARN_RANGE_LOOP_ANALYSIS = YES;
				CLANG_WARN_STRICT_PROTOTYPES = YES;
				CLANG_WARN_SUSPICIOUS_MOVE = YES;
				CLANG_WARN_UNGUARDED_AVAILABILITY = YES_AGGRESSIVE;
				CLANG_WARN_UNREACHABLE_CODE = YES;
				CLANG_WARN__DUPLICATE_METHOD_MATCH = YES;
				COPY_PHASE_STRIP = NO;
				DEBUG_INFORMATION_FORMAT = dwarf;
				ENABLE_STRICT_OBJC_MSGSEND = YES;
				ENABLE_TESTABILITY = YES;
				GCC_C_LANGUAGE_STANDARD = gnu11;
				GCC_DYNAMIC_NO_PIC = NO;
				GCC_NO_COMMON_BLOCKS = YES;
				GCC_OPTIMIZATION_LEVEL = 0;
				GCC_PREPROCESSOR_DEFINITIONS = (
					"DEBUG=1",
					"$(inherited)",
				);
				GCC_WARN_64_TO_32_BIT_CONVERSION = YES;
				GCC_WARN_ABOUT_RETURN_TYPE = YES_ERROR;
				GCC_WARN_UNDECLARED_SELECTOR = YES;
				GCC_WARN_UNINITIALIZED_AUTOS = YES_AGGRESSIVE;
				GCC_WARN_UNUSED_FUNCTION = YES;
				GCC_WARN_UNUSED_VARIABLE = YES;
				IPHONEOS_DEPLOYMENT_TARGET = 15.0;
				MTL_ENABLE_DEBUG_INFO = INCLUDE_SOURCE;
				MTL_FAST_MATH = YES;
				ONLY_ACTIVE_ARCH = YES;
				SDKROOT = iphoneos;
				SWIFT_ACTIVE_COMPILATION_CONDITIONS = DEBUG;
				SWIFT_OPTIMIZATION_LEVEL = "-Onone";
			};
			name = Debug;
		};
		17C38070288EC55200D3EE9F /* Release */ = {
			isa = XCBuildConfiguration;
			buildSettings = {
				ALWAYS_SEARCH_USER_PATHS = NO;
				CLANG_ANALYZER_NONNULL = YES;
				CLANG_ANALYZER_NUMBER_OBJECT_CONVERSION = YES_AGGRESSIVE;
				CLANG_CXX_LANGUAGE_STANDARD = "gnu++17";
				CLANG_ENABLE_MODULES = YES;
				CLANG_ENABLE_OBJC_ARC = YES;
				CLANG_ENABLE_OBJC_WEAK = YES;
				CLANG_WARN_BLOCK_CAPTURE_AUTORELEASING = YES;
				CLANG_WARN_BOOL_CONVERSION = YES;
				CLANG_WARN_COMMA = YES;
				CLANG_WARN_CONSTANT_CONVERSION = YES;
				CLANG_WARN_DEPRECATED_OBJC_IMPLEMENTATIONS = YES;
				CLANG_WARN_DIRECT_OBJC_ISA_USAGE = YES_ERROR;
				CLANG_WARN_DOCUMENTATION_COMMENTS = YES;
				CLANG_WARN_EMPTY_BODY = YES;
				CLANG_WARN_ENUM_CONVERSION = YES;
				CLANG_WARN_INFINITE_RECURSION = YES;
				CLANG_WARN_INT_CONVERSION = YES;
				CLANG_WARN_NON_LITERAL_NULL_CONVERSION = YES;
				CLANG_WARN_OBJC_IMPLICIT_RETAIN_SELF = YES;
				CLANG_WARN_OBJC_LITERAL_CONVERSION = YES;
				CLANG_WARN_OBJC_ROOT_CLASS = YES_ERROR;
				CLANG_WARN_QUOTED_INCLUDE_IN_FRAMEWORK_HEADER = YES;
				CLANG_WARN_RANGE_LOOP_ANALYSIS = YES;
				CLANG_WARN_STRICT_PROTOTYPES = YES;
				CLANG_WARN_SUSPICIOUS_MOVE = YES;
				CLANG_WARN_UNGUARDED_AVAILABILITY = YES_AGGRESSIVE;
				CLANG_WARN_UNREACHABLE_CODE = YES;
				CLANG_WARN__DUPLICATE_METHOD_MATCH = YES;
				COPY_PHASE_STRIP = NO;
				DEBUG_INFORMATION_FORMAT = "dwarf-with-dsym";
				ENABLE_NS_ASSERTIONS = NO;
				ENABLE_STRICT_OBJC_MSGSEND = YES;
				GCC_C_LANGUAGE_STANDARD = gnu11;
				GCC_NO_COMMON_BLOCKS = YES;
				GCC_WARN_64_TO_32_BIT_CONVERSION = YES;
				GCC_WARN_ABOUT_RETURN_TYPE = YES_ERROR;
				GCC_WARN_UNDECLARED_SELECTOR = YES;
				GCC_WARN_UNINITIALIZED_AUTOS = YES_AGGRESSIVE;
				GCC_WARN_UNUSED_FUNCTION = YES;
				GCC_WARN_UNUSED_VARIABLE = YES;
				IPHONEOS_DEPLOYMENT_TARGET = 15.0;
				MTL_ENABLE_DEBUG_INFO = NO;
				MTL_FAST_MATH = YES;
				SDKROOT = iphoneos;
				SWIFT_COMPILATION_MODE = wholemodule;
				SWIFT_OPTIMIZATION_LEVEL = "-O";
				VALIDATE_PRODUCT = YES;
			};
			name = Release;
		};
		17C38072288EC55200D3EE9F /* Debug */ = {
			isa = XCBuildConfiguration;
			buildSettings = {
				ASSETCATALOG_COMPILER_APPICON_NAME = AppIcon;
				ASSETCATALOG_COMPILER_GLOBAL_ACCENT_COLOR_NAME = AccentColor;
				CODE_SIGN_STYLE = Automatic;
				CURRENT_PROJECT_VERSION = 1;
				DEVELOPMENT_TEAM = MW2UF479VW;
				GENERATE_INFOPLIST_FILE = YES;
				INFOPLIST_FILE = ContainerViewController_Example/Resources/Info.plist;
				INFOPLIST_KEY_UIApplicationSupportsIndirectInputEvents = YES;
				INFOPLIST_KEY_UILaunchStoryboardName = LaunchScreen;
				INFOPLIST_KEY_UIMainStoryboardFile = Main;
				INFOPLIST_KEY_UISupportedInterfaceOrientations = "UIInterfaceOrientationPortrait UIInterfaceOrientationLandscapeLeft UIInterfaceOrientationLandscapeRight";
				INFOPLIST_KEY_UISupportedInterfaceOrientations_iPad = "UIInterfaceOrientationPortrait UIInterfaceOrientationPortraitUpsideDown UIInterfaceOrientationLandscapeLeft UIInterfaceOrientationLandscapeRight";
				INFOPLIST_KEY_UISupportedInterfaceOrientations_iPhone = "UIInterfaceOrientationPortrait UIInterfaceOrientationLandscapeLeft UIInterfaceOrientationLandscapeRight";
				LD_RUNPATH_SEARCH_PATHS = (
					"$(inherited)",
					"@executable_path/Frameworks",
				);
				MARKETING_VERSION = 1.0;
				PRODUCT_BUNDLE_IDENTIFIER = "com.shakuro.ContainerViewController-Example";
				PRODUCT_NAME = "$(TARGET_NAME)";
				SWIFT_EMIT_LOC_STRINGS = YES;
				SWIFT_VERSION = 5.0;
				TARGETED_DEVICE_FAMILY = "1,2";
			};
			name = Debug;
		};
		17C38073288EC55200D3EE9F /* Release */ = {
			isa = XCBuildConfiguration;
			buildSettings = {
				ASSETCATALOG_COMPILER_APPICON_NAME = AppIcon;
				ASSETCATALOG_COMPILER_GLOBAL_ACCENT_COLOR_NAME = AccentColor;
				CODE_SIGN_STYLE = Automatic;
				CURRENT_PROJECT_VERSION = 1;
				DEVELOPMENT_TEAM = MW2UF479VW;
				GENERATE_INFOPLIST_FILE = YES;
				INFOPLIST_FILE = ContainerViewController_Example/Resources/Info.plist;
				INFOPLIST_KEY_UIApplicationSupportsIndirectInputEvents = YES;
				INFOPLIST_KEY_UILaunchStoryboardName = LaunchScreen;
				INFOPLIST_KEY_UIMainStoryboardFile = Main;
				INFOPLIST_KEY_UISupportedInterfaceOrientations = "UIInterfaceOrientationPortrait UIInterfaceOrientationLandscapeLeft UIInterfaceOrientationLandscapeRight";
				INFOPLIST_KEY_UISupportedInterfaceOrientations_iPad = "UIInterfaceOrientationPortrait UIInterfaceOrientationPortraitUpsideDown UIInterfaceOrientationLandscapeLeft UIInterfaceOrientationLandscapeRight";
				INFOPLIST_KEY_UISupportedInterfaceOrientations_iPhone = "UIInterfaceOrientationPortrait UIInterfaceOrientationLandscapeLeft UIInterfaceOrientationLandscapeRight";
				LD_RUNPATH_SEARCH_PATHS = (
					"$(inherited)",
					"@executable_path/Frameworks",
				);
				MARKETING_VERSION = 1.0;
				PRODUCT_BUNDLE_IDENTIFIER = "com.shakuro.ContainerViewController-Example";
				PRODUCT_NAME = "$(TARGET_NAME)";
				SWIFT_EMIT_LOC_STRINGS = YES;
				SWIFT_VERSION = 5.0;
				TARGETED_DEVICE_FAMILY = "1,2";
			};
			name = Release;
		};
/* End XCBuildConfiguration section */

/* Begin XCConfigurationList section */
		17C38058288EC55100D3EE9F /* Build configuration list for PBXProject "ContainerViewController_Example" */ = {
			isa = XCConfigurationList;
			buildConfigurations = (
				17C3806F288EC55200D3EE9F /* Debug */,
				17C38070288EC55200D3EE9F /* Release */,
			);
			defaultConfigurationIsVisible = 0;
			defaultConfigurationName = Release;
		};
		17C38071288EC55200D3EE9F /* Build configuration list for PBXNativeTarget "ContainerViewController_Example" */ = {
			isa = XCConfigurationList;
			buildConfigurations = (
				17C38072288EC55200D3EE9F /* Debug */,
				17C38073288EC55200D3EE9F /* Release */,
			);
			defaultConfigurationIsVisible = 0;
			defaultConfigurationName = Release;
		};
/* End XCConfigurationList section */
	};
	rootObject = 17C38055288EC55100D3EE9F /* Project object */;
}
